// !$*UTF8*$!
{
	archiveVersion = 1;
	classes = {
	};
	objectVersion = 46;
	objects = {

/* Begin PBXBuildFile section */
		46CB215C10C692DE5B7B8D14 /* Pods_PhotostreamTests.framework in Frameworks */ = {isa = PBXBuildFile; fileRef = 7E4FCC08E3F3E84ECB8E52C2 /* Pods_PhotostreamTests.framework */; };
		508BAD5F7CE701B21C560092 /* Pods_Photostream.framework in Frameworks */ = {isa = PBXBuildFile; fileRef = 066EDFA56358FD5960400AC8 /* Pods_Photostream.framework */; };
		B95FFD0C1D5306E700085905 /* LoginInteractor.swift in Sources */ = {isa = PBXBuildFile; fileRef = B95FFD0B1D5306E700085905 /* LoginInteractor.swift */; };
		B95FFD0E1D5306F500085905 /* LoginInteractorInput.swift in Sources */ = {isa = PBXBuildFile; fileRef = B95FFD0D1D5306F500085905 /* LoginInteractorInput.swift */; };
		B95FFD101D53087B00085905 /* LoginInteractorOutput.swift in Sources */ = {isa = PBXBuildFile; fileRef = B95FFD0F1D53087B00085905 /* LoginInteractorOutput.swift */; };
		B95FFD121D53092000085905 /* User.swift in Sources */ = {isa = PBXBuildFile; fileRef = B95FFD111D53092000085905 /* User.swift */; };
		B95FFD151D530BCD00085905 /* AuthenticationService.swift in Sources */ = {isa = PBXBuildFile; fileRef = B95FFD141D530BCD00085905 /* AuthenticationService.swift */; };
		B95FFD1D1D53184800085905 /* GoogleService-Info.plist in Resources */ = {isa = PBXBuildFile; fileRef = B95FFD1C1D53184800085905 /* GoogleService-Info.plist */; };
		B95FFD211D532D3400085905 /* AuthenticationAPIFirebase.swift in Sources */ = {isa = PBXBuildFile; fileRef = B95FFD201D532D3400085905 /* AuthenticationAPIFirebase.swift */; };
		B961A2C51D545D7F00651D35 /* RegistrationInteractor.swift in Sources */ = {isa = PBXBuildFile; fileRef = B961A2C41D545D7F00651D35 /* RegistrationInteractor.swift */; };
		B961A2C71D545D9700651D35 /* RegistrationInteractorInput.swift in Sources */ = {isa = PBXBuildFile; fileRef = B961A2C61D545D9700651D35 /* RegistrationInteractorInput.swift */; };
		B961A2C91D545DAA00651D35 /* RegistrationInteractorOutput.swift in Sources */ = {isa = PBXBuildFile; fileRef = B961A2C81D545DAA00651D35 /* RegistrationInteractorOutput.swift */; };
		B961A4B11D5849AB0052856D /* CommentService.swift in Sources */ = {isa = PBXBuildFile; fileRef = B961A4B01D5849AB0052856D /* CommentService.swift */; };
		B961A4B31D584B550052856D /* CommentAPIFirebase.swift in Sources */ = {isa = PBXBuildFile; fileRef = B961A4B21D584B550052856D /* CommentAPIFirebase.swift */; };
		B97E3CEA1D51C78900C5E76B /* AppDelegate.swift in Sources */ = {isa = PBXBuildFile; fileRef = B97E3CE91D51C78900C5E76B /* AppDelegate.swift */; };
		B97E3CF11D51C79300C5E76B /* Assets.xcassets in Resources */ = {isa = PBXBuildFile; fileRef = B97E3CEC1D51C79300C5E76B /* Assets.xcassets */; };
		B97E3CF21D51C79300C5E76B /* LaunchScreen.storyboard in Resources */ = {isa = PBXBuildFile; fileRef = B97E3CED1D51C79300C5E76B /* LaunchScreen.storyboard */; };
		B97E3CF31D51C79300C5E76B /* Main.storyboard in Resources */ = {isa = PBXBuildFile; fileRef = B97E3CEF1D51C79300C5E76B /* Main.storyboard */; };
		B97E3CFD1D51C93600C5E76B /* ViewController.swift in Sources */ = {isa = PBXBuildFile; fileRef = B97E3CFB1D51C93600C5E76B /* ViewController.swift */; };
		B97E3D041D51CCBF00C5E76B /* RootWireframe.swift in Sources */ = {isa = PBXBuildFile; fileRef = B97E3D031D51CCBF00C5E76B /* RootWireframe.swift */; };
		B97E3D061D51CE5300C5E76B /* AppDependency.swift in Sources */ = {isa = PBXBuildFile; fileRef = B97E3D051D51CE5300C5E76B /* AppDependency.swift */; };
		B97FB6F21D55B4B700B68048 /* NewsFeedInteractor.swift in Sources */ = {isa = PBXBuildFile; fileRef = B97FB6F11D55B4B700B68048 /* NewsFeedInteractor.swift */; };
		B97FB6F41D55B4E400B68048 /* NewsFeedInteractorInput.swift in Sources */ = {isa = PBXBuildFile; fileRef = B97FB6F31D55B4E400B68048 /* NewsFeedInteractorInput.swift */; };
		B97FB6F61D55B5A600B68048 /* NewsFeedInteractorOutput.swift in Sources */ = {isa = PBXBuildFile; fileRef = B97FB6F51D55B5A600B68048 /* NewsFeedInteractorOutput.swift */; };
		B97FB6F81D55B67E00B68048 /* PostService.swift in Sources */ = {isa = PBXBuildFile; fileRef = B97FB6F71D55B67E00B68048 /* PostService.swift */; };
		B97FB6FA1D55B7DE00B68048 /* Post.swift in Sources */ = {isa = PBXBuildFile; fileRef = B97FB6F91D55B7DE00B68048 /* Post.swift */; };
		B97FB6FC1D55B8E800B68048 /* Comment.swift in Sources */ = {isa = PBXBuildFile; fileRef = B97FB6FB1D55B8E800B68048 /* Comment.swift */; };
		B97FB6FE1D55BACD00B68048 /* PostAPIFirebase.swift in Sources */ = {isa = PBXBuildFile; fileRef = B97FB6FD1D55BACD00B68048 /* PostAPIFirebase.swift */; };
		B9BFA4BD1D5B18BF000AA368 /* UserService.swift in Sources */ = {isa = PBXBuildFile; fileRef = B9BFA4BC1D5B18BF000AA368 /* UserService.swift */; };
		B9BFA4BF1D5B1B9A000AA368 /* Profile.swift in Sources */ = {isa = PBXBuildFile; fileRef = B9BFA4BE1D5B1B9A000AA368 /* Profile.swift */; };
		B9C1E4C71D507843000925FA /* PhotostreamTests.swift in Sources */ = {isa = PBXBuildFile; fileRef = B9C1E4C61D507843000925FA /* PhotostreamTests.swift */; };
		B9D331AB1D5D938D0010A8C1 /* AuthSession.swift in Sources */ = {isa = PBXBuildFile; fileRef = B9D331AA1D5D938D0010A8C1 /* AuthSession.swift */; };
		B9D4A15E1D5C40B5000975C7 /* UserAPIFirebase.swift in Sources */ = {isa = PBXBuildFile; fileRef = B9D4A15D1D5C40B5000975C7 /* UserAPIFirebase.swift */; };
/* End PBXBuildFile section */

/* Begin PBXContainerItemProxy section */
		B9C1E4C31D507843000925FA /* PBXContainerItemProxy */ = {
			isa = PBXContainerItemProxy;
			containerPortal = B9C1E4A61D507843000925FA /* Project object */;
			proxyType = 1;
			remoteGlobalIDString = B9C1E4AD1D507843000925FA;
			remoteInfo = Photostream;
		};
/* End PBXContainerItemProxy section */

/* Begin PBXFileReference section */
		066EDFA56358FD5960400AC8 /* Pods_Photostream.framework */ = {isa = PBXFileReference; explicitFileType = wrapper.framework; includeInIndex = 0; path = Pods_Photostream.framework; sourceTree = BUILT_PRODUCTS_DIR; };
		5CABFA691745D085069BD37E /* Pods-Photostream.debug.xcconfig */ = {isa = PBXFileReference; includeInIndex = 1; lastKnownFileType = text.xcconfig; name = "Pods-Photostream.debug.xcconfig"; path = "Pods/Target Support Files/Pods-Photostream/Pods-Photostream.debug.xcconfig"; sourceTree = "<group>"; };
		745C7315A31A5E639316E576 /* Pods-PhotostreamTests.release.xcconfig */ = {isa = PBXFileReference; includeInIndex = 1; lastKnownFileType = text.xcconfig; name = "Pods-PhotostreamTests.release.xcconfig"; path = "Pods/Target Support Files/Pods-PhotostreamTests/Pods-PhotostreamTests.release.xcconfig"; sourceTree = "<group>"; };
		7E4FCC08E3F3E84ECB8E52C2 /* Pods_PhotostreamTests.framework */ = {isa = PBXFileReference; explicitFileType = wrapper.framework; includeInIndex = 0; path = Pods_PhotostreamTests.framework; sourceTree = BUILT_PRODUCTS_DIR; };
		A23AD4ADD8AA175A050F0EAB /* Pods-PhotostreamTests.debug.xcconfig */ = {isa = PBXFileReference; includeInIndex = 1; lastKnownFileType = text.xcconfig; name = "Pods-PhotostreamTests.debug.xcconfig"; path = "Pods/Target Support Files/Pods-PhotostreamTests/Pods-PhotostreamTests.debug.xcconfig"; sourceTree = "<group>"; };
		B93F1F1D1D58810A006C6662 /* Location.gpx */ = {isa = PBXFileReference; lastKnownFileType = text.xml; path = Location.gpx; sourceTree = "<group>"; };
		B95FFD0B1D5306E700085905 /* LoginInteractor.swift */ = {isa = PBXFileReference; fileEncoding = 4; lastKnownFileType = sourcecode.swift; path = LoginInteractor.swift; sourceTree = "<group>"; };
		B95FFD0D1D5306F500085905 /* LoginInteractorInput.swift */ = {isa = PBXFileReference; fileEncoding = 4; lastKnownFileType = sourcecode.swift; path = LoginInteractorInput.swift; sourceTree = "<group>"; };
		B95FFD0F1D53087B00085905 /* LoginInteractorOutput.swift */ = {isa = PBXFileReference; fileEncoding = 4; lastKnownFileType = sourcecode.swift; path = LoginInteractorOutput.swift; sourceTree = "<group>"; };
		B95FFD111D53092000085905 /* User.swift */ = {isa = PBXFileReference; fileEncoding = 4; lastKnownFileType = sourcecode.swift; path = User.swift; sourceTree = "<group>"; };
		B95FFD141D530BCD00085905 /* AuthenticationService.swift */ = {isa = PBXFileReference; fileEncoding = 4; lastKnownFileType = sourcecode.swift; path = AuthenticationService.swift; sourceTree = "<group>"; };
		B95FFD1C1D53184800085905 /* GoogleService-Info.plist */ = {isa = PBXFileReference; fileEncoding = 4; lastKnownFileType = text.plist.xml; path = "GoogleService-Info.plist"; sourceTree = SOURCE_ROOT; };
		B95FFD201D532D3400085905 /* AuthenticationAPIFirebase.swift */ = {isa = PBXFileReference; fileEncoding = 4; lastKnownFileType = sourcecode.swift; path = AuthenticationAPIFirebase.swift; sourceTree = "<group>"; };
		B961A2C41D545D7F00651D35 /* RegistrationInteractor.swift */ = {isa = PBXFileReference; fileEncoding = 4; lastKnownFileType = sourcecode.swift; path = RegistrationInteractor.swift; sourceTree = "<group>"; };
		B961A2C61D545D9700651D35 /* RegistrationInteractorInput.swift */ = {isa = PBXFileReference; fileEncoding = 4; lastKnownFileType = sourcecode.swift; path = RegistrationInteractorInput.swift; sourceTree = "<group>"; };
		B961A2C81D545DAA00651D35 /* RegistrationInteractorOutput.swift */ = {isa = PBXFileReference; fileEncoding = 4; lastKnownFileType = sourcecode.swift; path = RegistrationInteractorOutput.swift; sourceTree = "<group>"; };
		B961A4B01D5849AB0052856D /* CommentService.swift */ = {isa = PBXFileReference; fileEncoding = 4; lastKnownFileType = sourcecode.swift; path = CommentService.swift; sourceTree = "<group>"; };
		B961A4B21D584B550052856D /* CommentAPIFirebase.swift */ = {isa = PBXFileReference; fileEncoding = 4; lastKnownFileType = sourcecode.swift; path = CommentAPIFirebase.swift; sourceTree = "<group>"; };
		B97E3CE91D51C78900C5E76B /* AppDelegate.swift */ = {isa = PBXFileReference; fileEncoding = 4; lastKnownFileType = sourcecode.swift; path = AppDelegate.swift; sourceTree = "<group>"; };
		B97E3CEC1D51C79300C5E76B /* Assets.xcassets */ = {isa = PBXFileReference; lastKnownFileType = folder.assetcatalog; path = Assets.xcassets; sourceTree = "<group>"; };
		B97E3CEE1D51C79300C5E76B /* Base */ = {isa = PBXFileReference; lastKnownFileType = file.storyboard; name = Base; path = Base.lproj/LaunchScreen.storyboard; sourceTree = "<group>"; };
		B97E3CF01D51C79300C5E76B /* Base */ = {isa = PBXFileReference; lastKnownFileType = file.storyboard; name = Base; path = Base.lproj/Main.storyboard; sourceTree = "<group>"; };
		B97E3CFB1D51C93600C5E76B /* ViewController.swift */ = {isa = PBXFileReference; fileEncoding = 4; lastKnownFileType = sourcecode.swift; path = ViewController.swift; sourceTree = "<group>"; };
		B97E3D031D51CCBF00C5E76B /* RootWireframe.swift */ = {isa = PBXFileReference; fileEncoding = 4; lastKnownFileType = sourcecode.swift; path = RootWireframe.swift; sourceTree = "<group>"; };
		B97E3D051D51CE5300C5E76B /* AppDependency.swift */ = {isa = PBXFileReference; fileEncoding = 4; lastKnownFileType = sourcecode.swift; path = AppDependency.swift; sourceTree = "<group>"; };
		B97FB6F11D55B4B700B68048 /* NewsFeedInteractor.swift */ = {isa = PBXFileReference; fileEncoding = 4; lastKnownFileType = sourcecode.swift; path = NewsFeedInteractor.swift; sourceTree = "<group>"; };
		B97FB6F31D55B4E400B68048 /* NewsFeedInteractorInput.swift */ = {isa = PBXFileReference; fileEncoding = 4; lastKnownFileType = sourcecode.swift; path = NewsFeedInteractorInput.swift; sourceTree = "<group>"; };
		B97FB6F51D55B5A600B68048 /* NewsFeedInteractorOutput.swift */ = {isa = PBXFileReference; fileEncoding = 4; lastKnownFileType = sourcecode.swift; path = NewsFeedInteractorOutput.swift; sourceTree = "<group>"; };
		B97FB6F71D55B67E00B68048 /* PostService.swift */ = {isa = PBXFileReference; fileEncoding = 4; lastKnownFileType = sourcecode.swift; path = PostService.swift; sourceTree = "<group>"; };
		B97FB6F91D55B7DE00B68048 /* Post.swift */ = {isa = PBXFileReference; fileEncoding = 4; lastKnownFileType = sourcecode.swift; path = Post.swift; sourceTree = "<group>"; };
		B97FB6FB1D55B8E800B68048 /* Comment.swift */ = {isa = PBXFileReference; fileEncoding = 4; lastKnownFileType = sourcecode.swift; path = Comment.swift; sourceTree = "<group>"; };
		B97FB6FD1D55BACD00B68048 /* PostAPIFirebase.swift */ = {isa = PBXFileReference; fileEncoding = 4; lastKnownFileType = sourcecode.swift; path = PostAPIFirebase.swift; sourceTree = "<group>"; };
		B9BFA4BC1D5B18BF000AA368 /* UserService.swift */ = {isa = PBXFileReference; fileEncoding = 4; lastKnownFileType = sourcecode.swift; path = UserService.swift; sourceTree = "<group>"; };
		B9BFA4BE1D5B1B9A000AA368 /* Profile.swift */ = {isa = PBXFileReference; fileEncoding = 4; lastKnownFileType = sourcecode.swift; path = Profile.swift; sourceTree = "<group>"; };
		B9C1E4AE1D507843000925FA /* Photostream.app */ = {isa = PBXFileReference; explicitFileType = wrapper.application; includeInIndex = 0; path = Photostream.app; sourceTree = BUILT_PRODUCTS_DIR; };
		B9C1E4BD1D507843000925FA /* Info.plist */ = {isa = PBXFileReference; lastKnownFileType = text.plist.xml; path = Info.plist; sourceTree = "<group>"; };
		B9C1E4C21D507843000925FA /* PhotostreamTests.xctest */ = {isa = PBXFileReference; explicitFileType = wrapper.cfbundle; includeInIndex = 0; path = PhotostreamTests.xctest; sourceTree = BUILT_PRODUCTS_DIR; };
		B9C1E4C61D507843000925FA /* PhotostreamTests.swift */ = {isa = PBXFileReference; lastKnownFileType = sourcecode.swift; path = PhotostreamTests.swift; sourceTree = "<group>"; };
		B9C1E4C81D507843000925FA /* Info.plist */ = {isa = PBXFileReference; lastKnownFileType = text.plist.xml; path = Info.plist; sourceTree = "<group>"; };
		B9D331AA1D5D938D0010A8C1 /* AuthSession.swift */ = {isa = PBXFileReference; fileEncoding = 4; lastKnownFileType = sourcecode.swift; path = AuthSession.swift; sourceTree = "<group>"; };
		B9D4A15D1D5C40B5000975C7 /* UserAPIFirebase.swift */ = {isa = PBXFileReference; fileEncoding = 4; lastKnownFileType = sourcecode.swift; path = UserAPIFirebase.swift; sourceTree = "<group>"; };
		BE81CA90BDCD8694B0C4B8D3 /* Pods-Photostream.release.xcconfig */ = {isa = PBXFileReference; includeInIndex = 1; lastKnownFileType = text.xcconfig; name = "Pods-Photostream.release.xcconfig"; path = "Pods/Target Support Files/Pods-Photostream/Pods-Photostream.release.xcconfig"; sourceTree = "<group>"; };
/* End PBXFileReference section */

/* Begin PBXFrameworksBuildPhase section */
		B9C1E4AB1D507843000925FA /* Frameworks */ = {
			isa = PBXFrameworksBuildPhase;
			buildActionMask = 2147483647;
			files = (
				508BAD5F7CE701B21C560092 /* Pods_Photostream.framework in Frameworks */,
			);
			runOnlyForDeploymentPostprocessing = 0;
		};
		B9C1E4BF1D507843000925FA /* Frameworks */ = {
			isa = PBXFrameworksBuildPhase;
			buildActionMask = 2147483647;
			files = (
				46CB215C10C692DE5B7B8D14 /* Pods_PhotostreamTests.framework in Frameworks */,
			);
			runOnlyForDeploymentPostprocessing = 0;
		};
/* End PBXFrameworksBuildPhase section */

/* Begin PBXGroup section */
		B95FFD041D53048700085905 /* Login */ = {
			isa = PBXGroup;
			children = (
				B95FFD051D53048700085905 /* Application Logic */,
				B95FFD061D53048700085905 /* Module Interface */,
				B95FFD071D53048700085905 /* User Interface */,
			);
			path = Login;
			sourceTree = "<group>";
		};
		B95FFD051D53048700085905 /* Application Logic */ = {
			isa = PBXGroup;
			children = (
				B95FFD0B1D5306E700085905 /* LoginInteractor.swift */,
				B95FFD0D1D5306F500085905 /* LoginInteractorInput.swift */,
				B95FFD0F1D53087B00085905 /* LoginInteractorOutput.swift */,
			);
			path = "Application Logic";
			sourceTree = "<group>";
		};
		B95FFD061D53048700085905 /* Module Interface */ = {
			isa = PBXGroup;
			children = (
			);
			path = "Module Interface";
			sourceTree = "<group>";
		};
		B95FFD071D53048700085905 /* User Interface */ = {
			isa = PBXGroup;
			children = (
				B95FFD081D53068300085905 /* Presenter */,
				B95FFD091D53068300085905 /* View */,
				B95FFD0A1D53068300085905 /* Wireframe */,
			);
			path = "User Interface";
			sourceTree = "<group>";
		};
		B95FFD081D53068300085905 /* Presenter */ = {
			isa = PBXGroup;
			children = (
			);
			path = Presenter;
			sourceTree = "<group>";
		};
		B95FFD091D53068300085905 /* View */ = {
			isa = PBXGroup;
			children = (
			);
			path = View;
			sourceTree = "<group>";
		};
		B95FFD0A1D53068300085905 /* Wireframe */ = {
			isa = PBXGroup;
			children = (
			);
			path = Wireframe;
			sourceTree = "<group>";
		};
		B95FFD131D530BBD00085905 /* Service */ = {
			isa = PBXGroup;
			children = (
				B95FFD141D530BCD00085905 /* AuthenticationService.swift */,
				B97FB6F71D55B67E00B68048 /* PostService.swift */,
				B961A4B01D5849AB0052856D /* CommentService.swift */,
				B9BFA4BC1D5B18BF000AA368 /* UserService.swift */,
			);
			path = Service;
			sourceTree = "<group>";
		};
		B95FFD1E1D532A9700085905 /* API */ = {
			isa = PBXGroup;
			children = (
				B95FFD1F1D532A9700085905 /* Firebase */,
			);
			path = API;
			sourceTree = "<group>";
		};
		B95FFD1F1D532A9700085905 /* Firebase */ = {
			isa = PBXGroup;
			children = (
				B95FFD201D532D3400085905 /* AuthenticationAPIFirebase.swift */,
				B97FB6FD1D55BACD00B68048 /* PostAPIFirebase.swift */,
				B961A4B21D584B550052856D /* CommentAPIFirebase.swift */,
				B9D4A15D1D5C40B5000975C7 /* UserAPIFirebase.swift */,
			);
			path = Firebase;
			sourceTree = "<group>";
		};
		B961A2BD1D545D6800651D35 /* Registration */ = {
			isa = PBXGroup;
			children = (
				B961A2BE1D545D6800651D35 /* Application Logic */,
				B961A2BF1D545D6800651D35 /* Module Interface */,
				B961A2C01D545D6800651D35 /* User Interface */,
			);
			path = Registration;
			sourceTree = "<group>";
		};
		B961A2BE1D545D6800651D35 /* Application Logic */ = {
			isa = PBXGroup;
			children = (
				B961A2C41D545D7F00651D35 /* RegistrationInteractor.swift */,
				B961A2C61D545D9700651D35 /* RegistrationInteractorInput.swift */,
				B961A2C81D545DAA00651D35 /* RegistrationInteractorOutput.swift */,
			);
			path = "Application Logic";
			sourceTree = "<group>";
		};
		B961A2BF1D545D6800651D35 /* Module Interface */ = {
			isa = PBXGroup;
			children = (
			);
			path = "Module Interface";
			sourceTree = "<group>";
		};
		B961A2C01D545D6800651D35 /* User Interface */ = {
			isa = PBXGroup;
			children = (
				B961A2C11D545D6800651D35 /* Presenter */,
				B961A2C21D545D6800651D35 /* View */,
				B961A2C31D545D6800651D35 /* Wireframe */,
			);
			path = "User Interface";
			sourceTree = "<group>";
		};
		B961A2C11D545D6800651D35 /* Presenter */ = {
			isa = PBXGroup;
			children = (
			);
			path = Presenter;
			sourceTree = "<group>";
		};
		B961A2C21D545D6800651D35 /* View */ = {
			isa = PBXGroup;
			children = (
			);
			path = View;
			sourceTree = "<group>";
		};
		B961A2C31D545D6800651D35 /* Wireframe */ = {
			isa = PBXGroup;
			children = (
			);
			path = Wireframe;
			sourceTree = "<group>";
		};
		B97E3CE81D51C78900C5E76B /* Application */ = {
			isa = PBXGroup;
			children = (
				B97E3CE91D51C78900C5E76B /* AppDelegate.swift */,
				B97E3D051D51CE5300C5E76B /* AppDependency.swift */,
			);
			path = Application;
			sourceTree = "<group>";
		};
		B97E3CEB1D51C79300C5E76B /* Assets */ = {
			isa = PBXGroup;
			children = (
				B97E3CEC1D51C79300C5E76B /* Assets.xcassets */,
				B97E3CED1D51C79300C5E76B /* LaunchScreen.storyboard */,
				B97E3CEF1D51C79300C5E76B /* Main.storyboard */,
			);
			path = Assets;
			sourceTree = "<group>";
		};
		B97E3CF41D51C93600C5E76B /* Modules */ = {
			isa = PBXGroup;
			children = (
				B97E3CF51D51C93600C5E76B /* Default */,
				B95FFD041D53048700085905 /* Login */,
				B97FB6EA1D55B48700B68048 /* News Feed */,
				B961A2BD1D545D6800651D35 /* Registration */,
			);
			path = Modules;
			sourceTree = "<group>";
		};
		B97E3CF51D51C93600C5E76B /* Default */ = {
			isa = PBXGroup;
			children = (
				B97E3CF61D51C93600C5E76B /* Application Logic */,
				B97E3CF71D51C93600C5E76B /* Module Interface */,
				B97E3CF81D51C93600C5E76B /* User Interface */,
			);
			path = Default;
			sourceTree = "<group>";
		};
		B97E3CF61D51C93600C5E76B /* Application Logic */ = {
			isa = PBXGroup;
			children = (
			);
			path = "Application Logic";
			sourceTree = "<group>";
		};
		B97E3CF71D51C93600C5E76B /* Module Interface */ = {
			isa = PBXGroup;
			children = (
			);
			path = "Module Interface";
			sourceTree = "<group>";
		};
		B97E3CF81D51C93600C5E76B /* User Interface */ = {
			isa = PBXGroup;
			children = (
				B97E3CF91D51C93600C5E76B /* Presenter */,
				B97E3CFA1D51C93600C5E76B /* View */,
				B97E3CFC1D51C93600C5E76B /* Wireframe */,
			);
			path = "User Interface";
			sourceTree = "<group>";
		};
		B97E3CF91D51C93600C5E76B /* Presenter */ = {
			isa = PBXGroup;
			children = (
			);
			path = Presenter;
			sourceTree = "<group>";
		};
		B97E3CFA1D51C93600C5E76B /* View */ = {
			isa = PBXGroup;
			children = (
				B97E3CFB1D51C93600C5E76B /* ViewController.swift */,
			);
			path = View;
			sourceTree = "<group>";
		};
		B97E3CFC1D51C93600C5E76B /* Wireframe */ = {
			isa = PBXGroup;
			children = (
			);
			path = Wireframe;
			sourceTree = "<group>";
		};
		B97E3CFE1D51CAA600C5E76B /* Common */ = {
			isa = PBXGroup;
			children = (
				B95FFD1E1D532A9700085905 /* API */,
				B95FFD131D530BBD00085905 /* Service */,
				B97E3CFF1D51CAA600C5E76B /* View */,
			);
			path = Common;
			sourceTree = "<group>";
		};
		B97E3CFF1D51CAA600C5E76B /* View */ = {
			isa = PBXGroup;
			children = (
				B97E3D031D51CCBF00C5E76B /* RootWireframe.swift */,
			);
			path = View;
			sourceTree = "<group>";
		};
		B97E3D001D51CABB00C5E76B /* Models */ = {
			isa = PBXGroup;
			children = (
				B95FFD111D53092000085905 /* User.swift */,
				B97FB6F91D55B7DE00B68048 /* Post.swift */,
				B97FB6FB1D55B8E800B68048 /* Comment.swift */,
				B9BFA4BE1D5B1B9A000AA368 /* Profile.swift */,
				B9D331AA1D5D938D0010A8C1 /* AuthSession.swift */,
			);
			path = Models;
			sourceTree = "<group>";
		};
		B97E3D011D51CAC500C5E76B /* Utils */ = {
			isa = PBXGroup;
			children = (
				B97E3D021D51CAC500C5E76B /* Extensions */,
			);
			path = Utils;
			sourceTree = "<group>";
		};
		B97E3D021D51CAC500C5E76B /* Extensions */ = {
			isa = PBXGroup;
			children = (
			);
			path = Extensions;
			sourceTree = "<group>";
		};
		B97FB6EA1D55B48700B68048 /* News Feed */ = {
			isa = PBXGroup;
			children = (
				B97FB6EB1D55B48700B68048 /* Application Logic */,
				B97FB6EC1D55B48700B68048 /* Module Interface */,
				B97FB6ED1D55B48700B68048 /* User Interface */,
			);
			path = "News Feed";
			sourceTree = "<group>";
		};
		B97FB6EB1D55B48700B68048 /* Application Logic */ = {
			isa = PBXGroup;
			children = (
				B97FB6F11D55B4B700B68048 /* NewsFeedInteractor.swift */,
				B97FB6F31D55B4E400B68048 /* NewsFeedInteractorInput.swift */,
				B97FB6F51D55B5A600B68048 /* NewsFeedInteractorOutput.swift */,
			);
			path = "Application Logic";
			sourceTree = "<group>";
		};
		B97FB6EC1D55B48700B68048 /* Module Interface */ = {
			isa = PBXGroup;
			children = (
			);
			path = "Module Interface";
			sourceTree = "<group>";
		};
		B97FB6ED1D55B48700B68048 /* User Interface */ = {
			isa = PBXGroup;
			children = (
				B97FB6EE1D55B48700B68048 /* Presenter */,
				B97FB6EF1D55B48700B68048 /* View */,
				B97FB6F01D55B48700B68048 /* Wireframe */,
			);
			path = "User Interface";
			sourceTree = "<group>";
		};
		B97FB6EE1D55B48700B68048 /* Presenter */ = {
			isa = PBXGroup;
			children = (
			);
			path = Presenter;
			sourceTree = "<group>";
		};
		B97FB6EF1D55B48700B68048 /* View */ = {
			isa = PBXGroup;
			children = (
			);
			path = View;
			sourceTree = "<group>";
		};
		B97FB6F01D55B48700B68048 /* Wireframe */ = {
			isa = PBXGroup;
			children = (
			);
			path = Wireframe;
			sourceTree = "<group>";
		};
		B9C1E4A51D507843000925FA = {
			isa = PBXGroup;
			children = (
				B9C1E4B01D507843000925FA /* Photostream */,
				B9C1E4C51D507843000925FA /* PhotostreamTests */,
				B9C1E4AF1D507843000925FA /* Products */,
				F836AD649A9490A32A324AE5 /* Pods */,
				D281ADAE6A0B74DF75AA42E8 /* Frameworks */,
			);
			sourceTree = "<group>";
		};
		B9C1E4AF1D507843000925FA /* Products */ = {
			isa = PBXGroup;
			children = (
				B9C1E4AE1D507843000925FA /* Photostream.app */,
				B9C1E4C21D507843000925FA /* PhotostreamTests.xctest */,
			);
			name = Products;
			sourceTree = "<group>";
		};
		B9C1E4B01D507843000925FA /* Photostream */ = {
			isa = PBXGroup;
			children = (
				B93F1F1D1D58810A006C6662 /* Location.gpx */,
				B95FFD1C1D53184800085905 /* GoogleService-Info.plist */,
				B9C1E4BD1D507843000925FA /* Info.plist */,
				B97E3CE81D51C78900C5E76B /* Application */,
				B97E3CEB1D51C79300C5E76B /* Assets */,
				B97E3CFE1D51CAA600C5E76B /* Common */,
				B97E3D001D51CABB00C5E76B /* Models */,
				B97E3CF41D51C93600C5E76B /* Modules */,
				B97E3D011D51CAC500C5E76B /* Utils */,
			);
			path = Photostream;
			sourceTree = "<group>";
		};
		B9C1E4C51D507843000925FA /* PhotostreamTests */ = {
			isa = PBXGroup;
			children = (
				B9C1E4C61D507843000925FA /* PhotostreamTests.swift */,
				B9C1E4C81D507843000925FA /* Info.plist */,
			);
			path = PhotostreamTests;
			sourceTree = "<group>";
		};
		D281ADAE6A0B74DF75AA42E8 /* Frameworks */ = {
			isa = PBXGroup;
			children = (
				066EDFA56358FD5960400AC8 /* Pods_Photostream.framework */,
				7E4FCC08E3F3E84ECB8E52C2 /* Pods_PhotostreamTests.framework */,
			);
			name = Frameworks;
			sourceTree = "<group>";
		};
		F836AD649A9490A32A324AE5 /* Pods */ = {
			isa = PBXGroup;
			children = (
				5CABFA691745D085069BD37E /* Pods-Photostream.debug.xcconfig */,
				BE81CA90BDCD8694B0C4B8D3 /* Pods-Photostream.release.xcconfig */,
				A23AD4ADD8AA175A050F0EAB /* Pods-PhotostreamTests.debug.xcconfig */,
				745C7315A31A5E639316E576 /* Pods-PhotostreamTests.release.xcconfig */,
			);
			name = Pods;
			sourceTree = "<group>";
		};
/* End PBXGroup section */

/* Begin PBXNativeTarget section */
		B9C1E4AD1D507843000925FA /* Photostream */ = {
			isa = PBXNativeTarget;
			buildConfigurationList = B9C1E4CB1D507843000925FA /* Build configuration list for PBXNativeTarget "Photostream" */;
			buildPhases = (
				DE9BC31E247CBEBA4162E125 /* [CP] Check Pods Manifest.lock */,
				B9C1E4AA1D507843000925FA /* Sources */,
				B9C1E4AB1D507843000925FA /* Frameworks */,
				B9C1E4AC1D507843000925FA /* Resources */,
				0AA4D3E6B1E1B3D608103861 /* [CP] Embed Pods Frameworks */,
				CB6E360E9E13880FB70C4A1F /* [CP] Copy Pods Resources */,
			);
			buildRules = (
			);
			dependencies = (
			);
			name = Photostream;
			productName = Photostream;
			productReference = B9C1E4AE1D507843000925FA /* Photostream.app */;
			productType = "com.apple.product-type.application";
		};
		B9C1E4C11D507843000925FA /* PhotostreamTests */ = {
			isa = PBXNativeTarget;
			buildConfigurationList = B9C1E4CE1D507843000925FA /* Build configuration list for PBXNativeTarget "PhotostreamTests" */;
			buildPhases = (
				3D9766328B7868A4DBCEAC81 /* [CP] Check Pods Manifest.lock */,
				B9C1E4BE1D507843000925FA /* Sources */,
				B9C1E4BF1D507843000925FA /* Frameworks */,
				B9C1E4C01D507843000925FA /* Resources */,
				EF25438C125A7EB2EECA9B87 /* [CP] Embed Pods Frameworks */,
				55501091AC0E5F35B1261EA8 /* [CP] Copy Pods Resources */,
			);
			buildRules = (
			);
			dependencies = (
				B9C1E4C41D507843000925FA /* PBXTargetDependency */,
			);
			name = PhotostreamTests;
			productName = PhotostreamTests;
			productReference = B9C1E4C21D507843000925FA /* PhotostreamTests.xctest */;
			productType = "com.apple.product-type.bundle.unit-test";
		};
/* End PBXNativeTarget section */

/* Begin PBXProject section */
		B9C1E4A61D507843000925FA /* Project object */ = {
			isa = PBXProject;
			attributes = {
				LastSwiftUpdateCheck = 0730;
				LastUpgradeCheck = 0730;
				ORGANIZATIONNAME = "Mounir Ybanez";
				TargetAttributes = {
					B9C1E4AD1D507843000925FA = {
						CreatedOnToolsVersion = 7.3.1;
						DevelopmentTeam = 4WBRGV5Z9M;
					};
					B9C1E4C11D507843000925FA = {
						CreatedOnToolsVersion = 7.3.1;
						TestTargetID = B9C1E4AD1D507843000925FA;
					};
				};
			};
			buildConfigurationList = B9C1E4A91D507843000925FA /* Build configuration list for PBXProject "Photostream" */;
			compatibilityVersion = "Xcode 3.2";
			developmentRegion = English;
			hasScannedForEncodings = 0;
			knownRegions = (
				en,
				Base,
			);
			mainGroup = B9C1E4A51D507843000925FA;
			productRefGroup = B9C1E4AF1D507843000925FA /* Products */;
			projectDirPath = "";
			projectRoot = "";
			targets = (
				B9C1E4AD1D507843000925FA /* Photostream */,
				B9C1E4C11D507843000925FA /* PhotostreamTests */,
			);
		};
/* End PBXProject section */

/* Begin PBXResourcesBuildPhase section */
		B9C1E4AC1D507843000925FA /* Resources */ = {
			isa = PBXResourcesBuildPhase;
			buildActionMask = 2147483647;
			files = (
				B97E3CF31D51C79300C5E76B /* Main.storyboard in Resources */,
				B95FFD1D1D53184800085905 /* GoogleService-Info.plist in Resources */,
				B97E3CF11D51C79300C5E76B /* Assets.xcassets in Resources */,
				B97E3CF21D51C79300C5E76B /* LaunchScreen.storyboard in Resources */,
			);
			runOnlyForDeploymentPostprocessing = 0;
		};
		B9C1E4C01D507843000925FA /* Resources */ = {
			isa = PBXResourcesBuildPhase;
			buildActionMask = 2147483647;
			files = (
			);
			runOnlyForDeploymentPostprocessing = 0;
		};
/* End PBXResourcesBuildPhase section */

/* Begin PBXShellScriptBuildPhase section */
		0AA4D3E6B1E1B3D608103861 /* [CP] Embed Pods Frameworks */ = {
			isa = PBXShellScriptBuildPhase;
			buildActionMask = 2147483647;
			files = (
			);
			inputPaths = (
			);
			name = "[CP] Embed Pods Frameworks";
			outputPaths = (
			);
			runOnlyForDeploymentPostprocessing = 0;
			shellPath = /bin/sh;
			shellScript = "\"${SRCROOT}/Pods/Target Support Files/Pods-Photostream/Pods-Photostream-frameworks.sh\"\n";
			showEnvVarsInLog = 0;
		};
		3D9766328B7868A4DBCEAC81 /* [CP] Check Pods Manifest.lock */ = {
			isa = PBXShellScriptBuildPhase;
			buildActionMask = 2147483647;
			files = (
			);
			inputPaths = (
			);
			name = "[CP] Check Pods Manifest.lock";
			outputPaths = (
			);
			runOnlyForDeploymentPostprocessing = 0;
			shellPath = /bin/sh;
			shellScript = "diff \"${PODS_ROOT}/../Podfile.lock\" \"${PODS_ROOT}/Manifest.lock\" > /dev/null\nif [[ $? != 0 ]] ; then\n    cat << EOM\nerror: The sandbox is not in sync with the Podfile.lock. Run 'pod install' or update your CocoaPods installation.\nEOM\n    exit 1\nfi\n";
			showEnvVarsInLog = 0;
		};
		55501091AC0E5F35B1261EA8 /* [CP] Copy Pods Resources */ = {
			isa = PBXShellScriptBuildPhase;
			buildActionMask = 2147483647;
			files = (
			);
			inputPaths = (
			);
			name = "[CP] Copy Pods Resources";
			outputPaths = (
			);
			runOnlyForDeploymentPostprocessing = 0;
			shellPath = /bin/sh;
			shellScript = "\"${SRCROOT}/Pods/Target Support Files/Pods-PhotostreamTests/Pods-PhotostreamTests-resources.sh\"\n";
			showEnvVarsInLog = 0;
		};
		CB6E360E9E13880FB70C4A1F /* [CP] Copy Pods Resources */ = {
			isa = PBXShellScriptBuildPhase;
			buildActionMask = 2147483647;
			files = (
			);
			inputPaths = (
			);
			name = "[CP] Copy Pods Resources";
			outputPaths = (
			);
			runOnlyForDeploymentPostprocessing = 0;
			shellPath = /bin/sh;
			shellScript = "\"${SRCROOT}/Pods/Target Support Files/Pods-Photostream/Pods-Photostream-resources.sh\"\n";
			showEnvVarsInLog = 0;
		};
		DE9BC31E247CBEBA4162E125 /* [CP] Check Pods Manifest.lock */ = {
			isa = PBXShellScriptBuildPhase;
			buildActionMask = 2147483647;
			files = (
			);
			inputPaths = (
			);
			name = "[CP] Check Pods Manifest.lock";
			outputPaths = (
			);
			runOnlyForDeploymentPostprocessing = 0;
			shellPath = /bin/sh;
			shellScript = "diff \"${PODS_ROOT}/../Podfile.lock\" \"${PODS_ROOT}/Manifest.lock\" > /dev/null\nif [[ $? != 0 ]] ; then\n    cat << EOM\nerror: The sandbox is not in sync with the Podfile.lock. Run 'pod install' or update your CocoaPods installation.\nEOM\n    exit 1\nfi\n";
			showEnvVarsInLog = 0;
		};
		EF25438C125A7EB2EECA9B87 /* [CP] Embed Pods Frameworks */ = {
			isa = PBXShellScriptBuildPhase;
			buildActionMask = 2147483647;
			files = (
			);
			inputPaths = (
			);
			name = "[CP] Embed Pods Frameworks";
			outputPaths = (
			);
			runOnlyForDeploymentPostprocessing = 0;
			shellPath = /bin/sh;
			shellScript = "\"${SRCROOT}/Pods/Target Support Files/Pods-PhotostreamTests/Pods-PhotostreamTests-frameworks.sh\"\n";
			showEnvVarsInLog = 0;
		};
/* End PBXShellScriptBuildPhase section */

/* Begin PBXSourcesBuildPhase section */
		B9C1E4AA1D507843000925FA /* Sources */ = {
			isa = PBXSourcesBuildPhase;
			buildActionMask = 2147483647;
			files = (
				B97E3CFD1D51C93600C5E76B /* ViewController.swift in Sources */,
				B9BFA4BF1D5B1B9A000AA368 /* Profile.swift in Sources */,
				B97E3CEA1D51C78900C5E76B /* AppDelegate.swift in Sources */,
				B9D4A15E1D5C40B5000975C7 /* UserAPIFirebase.swift in Sources */,
				B97E3D061D51CE5300C5E76B /* AppDependency.swift in Sources */,
				B95FFD211D532D3400085905 /* AuthenticationAPIFirebase.swift in Sources */,
				B961A2C91D545DAA00651D35 /* RegistrationInteractorOutput.swift in Sources */,
				B961A2C51D545D7F00651D35 /* RegistrationInteractor.swift in Sources */,
				B95FFD0E1D5306F500085905 /* LoginInteractorInput.swift in Sources */,
				B9BFA4BD1D5B18BF000AA368 /* UserService.swift in Sources */,
				B95FFD151D530BCD00085905 /* AuthenticationService.swift in Sources */,
				B97FB6F61D55B5A600B68048 /* NewsFeedInteractorOutput.swift in Sources */,
				B95FFD121D53092000085905 /* User.swift in Sources */,
				B97FB6FC1D55B8E800B68048 /* Comment.swift in Sources */,
				B95FFD0C1D5306E700085905 /* LoginInteractor.swift in Sources */,
				B97E3D041D51CCBF00C5E76B /* RootWireframe.swift in Sources */,
				B961A4B31D584B550052856D /* CommentAPIFirebase.swift in Sources */,
				B961A4B11D5849AB0052856D /* CommentService.swift in Sources */,
				B95FFD101D53087B00085905 /* LoginInteractorOutput.swift in Sources */,
				B97FB6F81D55B67E00B68048 /* PostService.swift in Sources */,
				B97FB6F41D55B4E400B68048 /* NewsFeedInteractorInput.swift in Sources */,
				B961A2C71D545D9700651D35 /* RegistrationInteractorInput.swift in Sources */,
				B97FB6FE1D55BACD00B68048 /* PostAPIFirebase.swift in Sources */,
				B97FB6F21D55B4B700B68048 /* NewsFeedInteractor.swift in Sources */,
				B9D331AB1D5D938D0010A8C1 /* AuthSession.swift in Sources */,
				B97FB6FA1D55B7DE00B68048 /* Post.swift in Sources */,
			);
			runOnlyForDeploymentPostprocessing = 0;
		};
		B9C1E4BE1D507843000925FA /* Sources */ = {
			isa = PBXSourcesBuildPhase;
			buildActionMask = 2147483647;
			files = (
				B9C1E4C71D507843000925FA /* PhotostreamTests.swift in Sources */,
			);
			runOnlyForDeploymentPostprocessing = 0;
		};
/* End PBXSourcesBuildPhase section */

/* Begin PBXTargetDependency section */
		B9C1E4C41D507843000925FA /* PBXTargetDependency */ = {
			isa = PBXTargetDependency;
			target = B9C1E4AD1D507843000925FA /* Photostream */;
			targetProxy = B9C1E4C31D507843000925FA /* PBXContainerItemProxy */;
		};
/* End PBXTargetDependency section */

/* Begin PBXVariantGroup section */
		B97E3CED1D51C79300C5E76B /* LaunchScreen.storyboard */ = {
			isa = PBXVariantGroup;
			children = (
				B97E3CEE1D51C79300C5E76B /* Base */,
			);
			name = LaunchScreen.storyboard;
			sourceTree = "<group>";
		};
		B97E3CEF1D51C79300C5E76B /* Main.storyboard */ = {
			isa = PBXVariantGroup;
			children = (
				B97E3CF01D51C79300C5E76B /* Base */,
			);
			name = Main.storyboard;
			sourceTree = "<group>";
		};
/* End PBXVariantGroup section */

/* Begin XCBuildConfiguration section */
		B9C1E4C91D507843000925FA /* Debug */ = {
			isa = XCBuildConfiguration;
			buildSettings = {
				ALWAYS_SEARCH_USER_PATHS = NO;
				CLANG_ANALYZER_NONNULL = YES;
				CLANG_CXX_LANGUAGE_STANDARD = "gnu++0x";
				CLANG_CXX_LIBRARY = "libc++";
				CLANG_ENABLE_MODULES = YES;
				CLANG_ENABLE_OBJC_ARC = YES;
				CLANG_WARN_BOOL_CONVERSION = YES;
				CLANG_WARN_CONSTANT_CONVERSION = YES;
				CLANG_WARN_DIRECT_OBJC_ISA_USAGE = YES_ERROR;
				CLANG_WARN_EMPTY_BODY = YES;
				CLANG_WARN_ENUM_CONVERSION = YES;
				CLANG_WARN_INT_CONVERSION = YES;
				CLANG_WARN_OBJC_ROOT_CLASS = YES_ERROR;
				CLANG_WARN_UNREACHABLE_CODE = YES;
				CLANG_WARN__DUPLICATE_METHOD_MATCH = YES;
				"CODE_SIGN_IDENTITY[sdk=iphoneos*]" = "iPhone Developer";
				COPY_PHASE_STRIP = NO;
				DEBUG_INFORMATION_FORMAT = dwarf;
				ENABLE_STRICT_OBJC_MSGSEND = YES;
				ENABLE_TESTABILITY = YES;
				GCC_C_LANGUAGE_STANDARD = gnu99;
				GCC_DYNAMIC_NO_PIC = NO;
				GCC_NO_COMMON_BLOCKS = YES;
				GCC_OPTIMIZATION_LEVEL = 0;
				GCC_PREPROCESSOR_DEFINITIONS = (
					"DEBUG=1",
					"$(inherited)",
				);
				GCC_WARN_64_TO_32_BIT_CONVERSION = YES;
				GCC_WARN_ABOUT_RETURN_TYPE = YES_ERROR;
				GCC_WARN_UNDECLARED_SELECTOR = YES;
				GCC_WARN_UNINITIALIZED_AUTOS = YES_AGGRESSIVE;
				GCC_WARN_UNUSED_FUNCTION = YES;
				GCC_WARN_UNUSED_VARIABLE = YES;
				IPHONEOS_DEPLOYMENT_TARGET = 9.3;
				MTL_ENABLE_DEBUG_INFO = YES;
				ONLY_ACTIVE_ARCH = YES;
				SDKROOT = iphoneos;
				SWIFT_OPTIMIZATION_LEVEL = "-Onone";
				TARGETED_DEVICE_FAMILY = "1,2";
			};
			name = Debug;
		};
		B9C1E4CA1D507843000925FA /* Release */ = {
			isa = XCBuildConfiguration;
			buildSettings = {
				ALWAYS_SEARCH_USER_PATHS = NO;
				CLANG_ANALYZER_NONNULL = YES;
				CLANG_CXX_LANGUAGE_STANDARD = "gnu++0x";
				CLANG_CXX_LIBRARY = "libc++";
				CLANG_ENABLE_MODULES = YES;
				CLANG_ENABLE_OBJC_ARC = YES;
				CLANG_WARN_BOOL_CONVERSION = YES;
				CLANG_WARN_CONSTANT_CONVERSION = YES;
				CLANG_WARN_DIRECT_OBJC_ISA_USAGE = YES_ERROR;
				CLANG_WARN_EMPTY_BODY = YES;
				CLANG_WARN_ENUM_CONVERSION = YES;
				CLANG_WARN_INT_CONVERSION = YES;
				CLANG_WARN_OBJC_ROOT_CLASS = YES_ERROR;
				CLANG_WARN_UNREACHABLE_CODE = YES;
				CLANG_WARN__DUPLICATE_METHOD_MATCH = YES;
				"CODE_SIGN_IDENTITY[sdk=iphoneos*]" = "iPhone Developer";
				COPY_PHASE_STRIP = NO;
				DEBUG_INFORMATION_FORMAT = "dwarf-with-dsym";
				ENABLE_NS_ASSERTIONS = NO;
				ENABLE_STRICT_OBJC_MSGSEND = YES;
				GCC_C_LANGUAGE_STANDARD = gnu99;
				GCC_NO_COMMON_BLOCKS = YES;
				GCC_WARN_64_TO_32_BIT_CONVERSION = YES;
				GCC_WARN_ABOUT_RETURN_TYPE = YES_ERROR;
				GCC_WARN_UNDECLARED_SELECTOR = YES;
				GCC_WARN_UNINITIALIZED_AUTOS = YES_AGGRESSIVE;
				GCC_WARN_UNUSED_FUNCTION = YES;
				GCC_WARN_UNUSED_VARIABLE = YES;
				IPHONEOS_DEPLOYMENT_TARGET = 9.3;
				MTL_ENABLE_DEBUG_INFO = NO;
				SDKROOT = iphoneos;
				TARGETED_DEVICE_FAMILY = "1,2";
				VALIDATE_PRODUCT = YES;
			};
			name = Release;
		};
		B9C1E4CC1D507843000925FA /* Debug */ = {
			isa = XCBuildConfiguration;
			baseConfigurationReference = 5CABFA691745D085069BD37E /* Pods-Photostream.debug.xcconfig */;
			buildSettings = {
				ASSETCATALOG_COMPILER_APPICON_NAME = AppIcon;
				CODE_SIGN_IDENTITY = "iPhone Developer";
				"CODE_SIGN_IDENTITY[sdk=iphoneos*]" = "iPhone Developer";
				INFOPLIST_FILE = Photostream/Info.plist;
				LD_RUNPATH_SEARCH_PATHS = "$(inherited) @executable_path/Frameworks";
				PRODUCT_BUNDLE_IDENTIFIER = com.ner.Photostream;
				PRODUCT_NAME = "$(TARGET_NAME)";
				PROVISIONING_PROFILE = "";
			};
			name = Debug;
		};
		B9C1E4CD1D507843000925FA /* Release */ = {
			isa = XCBuildConfiguration;
			baseConfigurationReference = BE81CA90BDCD8694B0C4B8D3 /* Pods-Photostream.release.xcconfig */;
			buildSettings = {
				ASSETCATALOG_COMPILER_APPICON_NAME = AppIcon;
				CODE_SIGN_IDENTITY = "iPhone Developer";
				"CODE_SIGN_IDENTITY[sdk=iphoneos*]" = "iPhone Developer";
				INFOPLIST_FILE = Photostream/Info.plist;
				LD_RUNPATH_SEARCH_PATHS = "$(inherited) @executable_path/Frameworks";
				PRODUCT_BUNDLE_IDENTIFIER = com.ner.Photostream;
				PRODUCT_NAME = "$(TARGET_NAME)";
				PROVISIONING_PROFILE = "";
			};
			name = Release;
		};
		B9C1E4CF1D507843000925FA /* Debug */ = {
			isa = XCBuildConfiguration;
			baseConfigurationReference = A23AD4ADD8AA175A050F0EAB /* Pods-PhotostreamTests.debug.xcconfig */;
			buildSettings = {
				BUNDLE_LOADER = "$(TEST_HOST)";
				INFOPLIST_FILE = PhotostreamTests/Info.plist;
				LD_RUNPATH_SEARCH_PATHS = "$(inherited) @executable_path/Frameworks @loader_path/Frameworks";
				PRODUCT_BUNDLE_IDENTIFIER = com.ner.PhotostreamTests;
				PRODUCT_NAME = "$(TARGET_NAME)";
				TEST_HOST = "$(BUILT_PRODUCTS_DIR)/Photostream.app/Photostream";
			};
			name = Debug;
		};
		B9C1E4D01D507843000925FA /* Release */ = {
			isa = XCBuildConfiguration;
			baseConfigurationReference = 745C7315A31A5E639316E576 /* Pods-PhotostreamTests.release.xcconfig */;
			buildSettings = {
				BUNDLE_LOADER = "$(TEST_HOST)";
				INFOPLIST_FILE = PhotostreamTests/Info.plist;
				LD_RUNPATH_SEARCH_PATHS = "$(inherited) @executable_path/Frameworks @loader_path/Frameworks";
				PRODUCT_BUNDLE_IDENTIFIER = com.ner.PhotostreamTests;
				PRODUCT_NAME = "$(TARGET_NAME)";
				TEST_HOST = "$(BUILT_PRODUCTS_DIR)/Photostream.app/Photostream";
			};
			name = Release;
		};
/* End XCBuildConfiguration section */

/* Begin XCConfigurationList section */
		B9C1E4A91D507843000925FA /* Build configuration list for PBXProject "Photostream" */ = {
			isa = XCConfigurationList;
			buildConfigurations = (
				B9C1E4C91D507843000925FA /* Debug */,
				B9C1E4CA1D507843000925FA /* Release */,
			);
			defaultConfigurationIsVisible = 0;
			defaultConfigurationName = Release;
		};
		B9C1E4CB1D507843000925FA /* Build configuration list for PBXNativeTarget "Photostream" */ = {
			isa = XCConfigurationList;
			buildConfigurations = (
				B9C1E4CC1D507843000925FA /* Debug */,
				B9C1E4CD1D507843000925FA /* Release */,
			);
			defaultConfigurationIsVisible = 0;
			defaultConfigurationName = Release;
		};
		B9C1E4CE1D507843000925FA /* Build configuration list for PBXNativeTarget "PhotostreamTests" */ = {
			isa = XCConfigurationList;
			buildConfigurations = (
				B9C1E4CF1D507843000925FA /* Debug */,
				B9C1E4D01D507843000925FA /* Release */,
			);
			defaultConfigurationIsVisible = 0;
			defaultConfigurationName = Release;
		};
/* End XCConfigurationList section */
	};
	rootObject = B9C1E4A61D507843000925FA /* Project object */;
}
